
Microsoft Visual Studio Solution File, Format Version 12.00
# Visual Studio Version 16
VisualStudioVersion = 16.0.30320.27
MinimumVisualStudioVersion = 10.0.40219.1
Project("{9A19103F-16F7-4668-BE54-9A1E7A4F7556}") = "CTAWebAPI", "CTAWebAPI\CTAWebAPI.csproj", "{B926D871-5043-4A58-90AE-A8C61DC34957}"
	ProjectSection(ProjectDependencies) = postProject
		{32D2B186-9820-4151-92AD-1DF1683C9904} = {32D2B186-9820-4151-92AD-1DF1683C9904}
	EndProjectSection
EndProject
Project("{9A19103F-16F7-4668-BE54-9A1E7A4F7556}") = "CTADBL", "CTADBL\CTADBL.csproj", "{32D2B186-9820-4151-92AD-1DF1683C9904}"
EndProject
Project("{FAE04EC0-301F-11D3-BF4B-00C04F79EFBC}") = "CTANativeApp", "CTANativeApp\CTANativeApp.csproj", "{D30EA9FE-47E0-4673-8988-817C9D9BBA64}"
EndProject
Project("{9A19103F-16F7-4668-BE54-9A1E7A4F7556}") = "GreenbookCentralSysem", "GreenbookCentralSystem\GreenbookCentralSysem.csproj", "{5DBEB305-6C68-4DFD-B093-FFEBBC4108A9}"
EndProject
Project("{9A19103F-16F7-4668-BE54-9A1E7A4F7556}") = "CTAImageUploadFromFolder", "CTAImageUploadFromFolder\CTAImageUploadFromFolder.csproj", "{A14AF69D-39E1-47F2-9951-FB329BF80655}"
EndProject
Global
	GlobalSection(SolutionConfigurationPlatforms) = preSolution
		Debug|Any CPU = Debug|Any CPU
		Release|Any CPU = Release|Any CPU
	EndGlobalSection
	GlobalSection(ProjectConfigurationPlatforms) = postSolution
		{B926D871-5043-4A58-90AE-A8C61DC34957}.Debug|Any CPU.ActiveCfg = Debug|Any CPU
		{B926D871-5043-4A58-90AE-A8C61DC34957}.Debug|Any CPU.Build.0 = Debug|Any CPU
		{B926D871-5043-4A58-90AE-A8C61DC34957}.Release|Any CPU.ActiveCfg = Release|Any CPU
		{B926D871-5043-4A58-90AE-A8C61DC34957}.Release|Any CPU.Build.0 = Release|Any CPU
		{32D2B186-9820-4151-92AD-1DF1683C9904}.Debug|Any CPU.ActiveCfg = Debug|Any CPU
		{32D2B186-9820-4151-92AD-1DF1683C9904}.Debug|Any CPU.Build.0 = Debug|Any CPU
		{32D2B186-9820-4151-92AD-1DF1683C9904}.Release|Any CPU.ActiveCfg = Release|Any CPU
		{32D2B186-9820-4151-92AD-1DF1683C9904}.Release|Any CPU.Build.0 = Release|Any CPU
		{D30EA9FE-47E0-4673-8988-817C9D9BBA64}.Debug|Any CPU.ActiveCfg = Debug|Any CPU
		{D30EA9FE-47E0-4673-8988-817C9D9BBA64}.Debug|Any CPU.Build.0 = Debug|Any CPU
		{D30EA9FE-47E0-4673-8988-817C9D9BBA64}.Release|Any CPU.ActiveCfg = Release|Any CPU
		{D30EA9FE-47E0-4673-8988-817C9D9BBA64}.Release|Any CPU.Build.0 = Release|Any CPU
		{5DBEB305-6C68-4DFD-B093-FFEBBC4108A9}.Debug|Any CPU.ActiveCfg = Debug|Any CPU
		{5DBEB305-6C68-4DFD-B093-FFEBBC4108A9}.Debug|Any CPU.Build.0 = Debug|Any CPU
		{5DBEB305-6C68-4DFD-B093-FFEBBC4108A9}.Release|Any CPU.ActiveCfg = Release|Any CPU
		{5DBEB305-6C68-4DFD-B093-FFEBBC4108A9}.Release|Any CPU.Build.0 = Release|Any CPU
		{A14AF69D-39E1-47F2-9951-FB329BF80655}.Debug|Any CPU.ActiveCfg = Debug|Any CPU
		{A14AF69D-39E1-47F2-9951-FB329BF80655}.Debug|Any CPU.Build.0 = Debug|Any CPU
		{A14AF69D-39E1-47F2-9951-FB329BF80655}.Release|Any CPU.ActiveCfg = Release|Any CPU
		{A14AF69D-39E1-47F2-9951-FB329BF80655}.Release|Any CPU.Build.0 = Release|Any CPU
	EndGlobalSection
	GlobalSection(SolutionProperties) = preSolution
		HideSolutionNode = FALSE
	EndGlobalSection
	GlobalSection(ExtensibilityGlobals) = postSolution
		SolutionGuid = {A032C7E1-8C31-4674-9A33-21C81CDCFDF2}
	EndGlobalSection
EndGlobal
