
Microsoft Visual Studio Solution File, Format Version 12.00
# Visual Studio Version 16
VisualStudioVersion = 16.0.30320.27
MinimumVisualStudioVersion = 10.0.40219.1
Project("{9A19103F-16F7-4668-BE54-9A1E7A4F7556}") = "CTAWebAPI", "CTAWebAPI\CTAWebAPI.csproj", "{B926D871-5043-4A58-90AE-A8C61DC34957}"
	ProjectSection(ProjectDependencies) = postProject
		{32D2B186-9820-4151-92AD-1DF1683C9904} = {32D2B186-9820-4151-92AD-1DF1683C9904}
	EndProjectSection
EndProject
Project("{9A19103F-16F7-4668-BE54-9A1E7A4F7556}") = "CTADBL", "CTADBL\CTADBL.csproj", "{32D2B186-9820-4151-92AD-1DF1683C9904}"
EndProject
Project("{9A19103F-16F7-4668-BE54-9A1E7A4F7556}") = "CTANativeApp", "CTANativeApp\CTANativeApp.csproj", "{D30EA9FE-47E0-4673-8988-817C9D9BBA64}"
EndProject
Project("{9A19103F-16F7-4668-BE54-9A1E7A4F7556}") = "GreenbookCentralSysem", "GreenbookCentralSystem\GreenbookCentralSysem.csproj", "{5DBEB305-6C68-4DFD-B093-FFEBBC4108A9}"
EndProject
Project("{9A19103F-16F7-4668-BE54-9A1E7A4F7556}") = "CTADataMigrationAndSupport", "CTADataMigrationAndSupport\CTADataMigrationAndSupport.csproj", "{7256B5B2-346E-4E19-BB67-8CF23C1B7D0A}"
EndProject
Project("{9A19103F-16F7-4668-BE54-9A1E7A4F7556}") = "ChatrelPaymentWebAPI", "ChatrelPaymentWebAPI\ChatrelPaymentWebAPI.csproj", "{8D2ED8EC-E310-4903-8E01-CAE9ABBCFF19}"
EndProject
Project("{9A19103F-16F7-4668-BE54-9A1E7A4F7556}") = "ChatrelDBL", "ChatrelDBL\ChatrelDBL.csproj", "{FFD985AB-DD6E-4701-97B1-BE781B465E71}"
EndProject
Project("{9A19103F-16F7-4668-BE54-9A1E7A4F7556}") = "ChatrelWebPaymentSystem", "ChatrelWebPaymentSystem\ChatrelWebPaymentSystem.csproj", "{4E7B228F-C6A5-4EA1-B139-705793B70DEE}"
EndProject
Global
	GlobalSection(SolutionConfigurationPlatforms) = preSolution
		Debug|Any CPU = Debug|Any CPU
		Debug|ARM = Debug|ARM
		Debug|ARM64 = Debug|ARM64
		Debug|x64 = Debug|x64
		Debug|x86 = Debug|x86
		Release|Any CPU = Release|Any CPU
		Release|ARM = Release|ARM
		Release|ARM64 = Release|ARM64
		Release|x64 = Release|x64
		Release|x86 = Release|x86
	EndGlobalSection
	GlobalSection(ProjectConfigurationPlatforms) = postSolution
		{B926D871-5043-4A58-90AE-A8C61DC34957}.Debug|Any CPU.ActiveCfg = Debug|Any CPU
		{B926D871-5043-4A58-90AE-A8C61DC34957}.Debug|Any CPU.Build.0 = Debug|Any CPU
		{B926D871-5043-4A58-90AE-A8C61DC34957}.Debug|ARM.ActiveCfg = Debug|Any CPU
		{B926D871-5043-4A58-90AE-A8C61DC34957}.Debug|ARM.Build.0 = Debug|Any CPU
		{B926D871-5043-4A58-90AE-A8C61DC34957}.Debug|ARM64.ActiveCfg = Debug|Any CPU
		{B926D871-5043-4A58-90AE-A8C61DC34957}.Debug|ARM64.Build.0 = Debug|Any CPU
		{B926D871-5043-4A58-90AE-A8C61DC34957}.Debug|x64.ActiveCfg = Debug|Any CPU
		{B926D871-5043-4A58-90AE-A8C61DC34957}.Debug|x64.Build.0 = Debug|Any CPU
		{B926D871-5043-4A58-90AE-A8C61DC34957}.Debug|x86.ActiveCfg = Debug|Any CPU
		{B926D871-5043-4A58-90AE-A8C61DC34957}.Debug|x86.Build.0 = Debug|Any CPU
		{B926D871-5043-4A58-90AE-A8C61DC34957}.Release|Any CPU.ActiveCfg = Release|Any CPU
		{B926D871-5043-4A58-90AE-A8C61DC34957}.Release|Any CPU.Build.0 = Release|Any CPU
		{B926D871-5043-4A58-90AE-A8C61DC34957}.Release|ARM.ActiveCfg = Release|Any CPU
		{B926D871-5043-4A58-90AE-A8C61DC34957}.Release|ARM.Build.0 = Release|Any CPU
		{B926D871-5043-4A58-90AE-A8C61DC34957}.Release|ARM64.ActiveCfg = Release|Any CPU
		{B926D871-5043-4A58-90AE-A8C61DC34957}.Release|ARM64.Build.0 = Release|Any CPU
		{B926D871-5043-4A58-90AE-A8C61DC34957}.Release|x64.ActiveCfg = Release|Any CPU
		{B926D871-5043-4A58-90AE-A8C61DC34957}.Release|x64.Build.0 = Release|Any CPU
		{B926D871-5043-4A58-90AE-A8C61DC34957}.Release|x86.ActiveCfg = Release|Any CPU
		{B926D871-5043-4A58-90AE-A8C61DC34957}.Release|x86.Build.0 = Release|Any CPU
		{32D2B186-9820-4151-92AD-1DF1683C9904}.Debug|Any CPU.ActiveCfg = Debug|Any CPU
		{32D2B186-9820-4151-92AD-1DF1683C9904}.Debug|Any CPU.Build.0 = Debug|Any CPU
		{32D2B186-9820-4151-92AD-1DF1683C9904}.Debug|ARM.ActiveCfg = Debug|Any CPU
		{32D2B186-9820-4151-92AD-1DF1683C9904}.Debug|ARM.Build.0 = Debug|Any CPU
		{32D2B186-9820-4151-92AD-1DF1683C9904}.Debug|ARM64.ActiveCfg = Debug|Any CPU
		{32D2B186-9820-4151-92AD-1DF1683C9904}.Debug|ARM64.Build.0 = Debug|Any CPU
		{32D2B186-9820-4151-92AD-1DF1683C9904}.Debug|x64.ActiveCfg = Debug|Any CPU
		{32D2B186-9820-4151-92AD-1DF1683C9904}.Debug|x64.Build.0 = Debug|Any CPU
		{32D2B186-9820-4151-92AD-1DF1683C9904}.Debug|x86.ActiveCfg = Debug|Any CPU
		{32D2B186-9820-4151-92AD-1DF1683C9904}.Debug|x86.Build.0 = Debug|Any CPU
		{32D2B186-9820-4151-92AD-1DF1683C9904}.Release|Any CPU.ActiveCfg = Release|Any CPU
		{32D2B186-9820-4151-92AD-1DF1683C9904}.Release|Any CPU.Build.0 = Release|Any CPU
		{32D2B186-9820-4151-92AD-1DF1683C9904}.Release|ARM.ActiveCfg = Release|Any CPU
		{32D2B186-9820-4151-92AD-1DF1683C9904}.Release|ARM.Build.0 = Release|Any CPU
		{32D2B186-9820-4151-92AD-1DF1683C9904}.Release|ARM64.ActiveCfg = Release|Any CPU
		{32D2B186-9820-4151-92AD-1DF1683C9904}.Release|ARM64.Build.0 = Release|Any CPU
		{32D2B186-9820-4151-92AD-1DF1683C9904}.Release|x64.ActiveCfg = Release|Any CPU
		{32D2B186-9820-4151-92AD-1DF1683C9904}.Release|x64.Build.0 = Release|Any CPU
		{32D2B186-9820-4151-92AD-1DF1683C9904}.Release|x86.ActiveCfg = Release|Any CPU
		{32D2B186-9820-4151-92AD-1DF1683C9904}.Release|x86.Build.0 = Release|Any CPU
		{D30EA9FE-47E0-4673-8988-817C9D9BBA64}.Debug|Any CPU.ActiveCfg = Debug|Any CPU
		{D30EA9FE-47E0-4673-8988-817C9D9BBA64}.Debug|Any CPU.Build.0 = Debug|Any CPU
		{D30EA9FE-47E0-4673-8988-817C9D9BBA64}.Debug|ARM.ActiveCfg = Debug|Any CPU
		{D30EA9FE-47E0-4673-8988-817C9D9BBA64}.Debug|ARM.Build.0 = Debug|Any CPU
		{D30EA9FE-47E0-4673-8988-817C9D9BBA64}.Debug|ARM64.ActiveCfg = Debug|Any CPU
		{D30EA9FE-47E0-4673-8988-817C9D9BBA64}.Debug|ARM64.Build.0 = Debug|Any CPU
		{D30EA9FE-47E0-4673-8988-817C9D9BBA64}.Debug|x64.ActiveCfg = Debug|Any CPU
		{D30EA9FE-47E0-4673-8988-817C9D9BBA64}.Debug|x64.Build.0 = Debug|Any CPU
		{D30EA9FE-47E0-4673-8988-817C9D9BBA64}.Debug|x86.ActiveCfg = Debug|Any CPU
		{D30EA9FE-47E0-4673-8988-817C9D9BBA64}.Debug|x86.Build.0 = Debug|Any CPU
		{D30EA9FE-47E0-4673-8988-817C9D9BBA64}.Release|Any CPU.ActiveCfg = Release|Any CPU
		{D30EA9FE-47E0-4673-8988-817C9D9BBA64}.Release|Any CPU.Build.0 = Release|Any CPU
		{D30EA9FE-47E0-4673-8988-817C9D9BBA64}.Release|ARM.ActiveCfg = Release|Any CPU
		{D30EA9FE-47E0-4673-8988-817C9D9BBA64}.Release|ARM.Build.0 = Release|Any CPU
		{D30EA9FE-47E0-4673-8988-817C9D9BBA64}.Release|ARM64.ActiveCfg = Release|Any CPU
		{D30EA9FE-47E0-4673-8988-817C9D9BBA64}.Release|ARM64.Build.0 = Release|Any CPU
		{D30EA9FE-47E0-4673-8988-817C9D9BBA64}.Release|x64.ActiveCfg = Release|Any CPU
		{D30EA9FE-47E0-4673-8988-817C9D9BBA64}.Release|x64.Build.0 = Release|Any CPU
		{D30EA9FE-47E0-4673-8988-817C9D9BBA64}.Release|x86.ActiveCfg = Release|Any CPU
		{D30EA9FE-47E0-4673-8988-817C9D9BBA64}.Release|x86.Build.0 = Release|Any CPU
		{5DBEB305-6C68-4DFD-B093-FFEBBC4108A9}.Debug|Any CPU.ActiveCfg = Debug|Any CPU
		{5DBEB305-6C68-4DFD-B093-FFEBBC4108A9}.Debug|Any CPU.Build.0 = Debug|Any CPU
		{5DBEB305-6C68-4DFD-B093-FFEBBC4108A9}.Debug|ARM.ActiveCfg = Debug|Any CPU
		{5DBEB305-6C68-4DFD-B093-FFEBBC4108A9}.Debug|ARM.Build.0 = Debug|Any CPU
		{5DBEB305-6C68-4DFD-B093-FFEBBC4108A9}.Debug|ARM64.ActiveCfg = Debug|Any CPU
		{5DBEB305-6C68-4DFD-B093-FFEBBC4108A9}.Debug|ARM64.Build.0 = Debug|Any CPU
		{5DBEB305-6C68-4DFD-B093-FFEBBC4108A9}.Debug|x64.ActiveCfg = Debug|Any CPU
		{5DBEB305-6C68-4DFD-B093-FFEBBC4108A9}.Debug|x64.Build.0 = Debug|Any CPU
		{5DBEB305-6C68-4DFD-B093-FFEBBC4108A9}.Debug|x86.ActiveCfg = Debug|Any CPU
		{5DBEB305-6C68-4DFD-B093-FFEBBC4108A9}.Debug|x86.Build.0 = Debug|Any CPU
		{5DBEB305-6C68-4DFD-B093-FFEBBC4108A9}.Release|Any CPU.ActiveCfg = Release|Any CPU
		{5DBEB305-6C68-4DFD-B093-FFEBBC4108A9}.Release|Any CPU.Build.0 = Release|Any CPU
		{5DBEB305-6C68-4DFD-B093-FFEBBC4108A9}.Release|ARM.ActiveCfg = Release|Any CPU
		{5DBEB305-6C68-4DFD-B093-FFEBBC4108A9}.Release|ARM.Build.0 = Release|Any CPU
		{5DBEB305-6C68-4DFD-B093-FFEBBC4108A9}.Release|ARM64.ActiveCfg = Release|Any CPU
		{5DBEB305-6C68-4DFD-B093-FFEBBC4108A9}.Release|ARM64.Build.0 = Release|Any CPU
		{5DBEB305-6C68-4DFD-B093-FFEBBC4108A9}.Release|x64.ActiveCfg = Release|Any CPU
		{5DBEB305-6C68-4DFD-B093-FFEBBC4108A9}.Release|x64.Build.0 = Release|Any CPU
		{5DBEB305-6C68-4DFD-B093-FFEBBC4108A9}.Release|x86.ActiveCfg = Release|Any CPU
		{5DBEB305-6C68-4DFD-B093-FFEBBC4108A9}.Release|x86.Build.0 = Release|Any CPU
		{7256B5B2-346E-4E19-BB67-8CF23C1B7D0A}.Debug|Any CPU.ActiveCfg = Debug|Any CPU
		{7256B5B2-346E-4E19-BB67-8CF23C1B7D0A}.Debug|Any CPU.Build.0 = Debug|Any CPU
		{7256B5B2-346E-4E19-BB67-8CF23C1B7D0A}.Debug|ARM.ActiveCfg = Debug|Any CPU
		{7256B5B2-346E-4E19-BB67-8CF23C1B7D0A}.Debug|ARM.Build.0 = Debug|Any CPU
		{7256B5B2-346E-4E19-BB67-8CF23C1B7D0A}.Debug|ARM64.ActiveCfg = Debug|Any CPU
		{7256B5B2-346E-4E19-BB67-8CF23C1B7D0A}.Debug|ARM64.Build.0 = Debug|Any CPU
		{7256B5B2-346E-4E19-BB67-8CF23C1B7D0A}.Debug|x64.ActiveCfg = Debug|Any CPU
		{7256B5B2-346E-4E19-BB67-8CF23C1B7D0A}.Debug|x64.Build.0 = Debug|Any CPU
		{7256B5B2-346E-4E19-BB67-8CF23C1B7D0A}.Debug|x86.ActiveCfg = Debug|Any CPU
		{7256B5B2-346E-4E19-BB67-8CF23C1B7D0A}.Debug|x86.Build.0 = Debug|Any CPU
		{7256B5B2-346E-4E19-BB67-8CF23C1B7D0A}.Release|Any CPU.ActiveCfg = Release|Any CPU
		{7256B5B2-346E-4E19-BB67-8CF23C1B7D0A}.Release|Any CPU.Build.0 = Release|Any CPU
		{7256B5B2-346E-4E19-BB67-8CF23C1B7D0A}.Release|ARM.ActiveCfg = Release|Any CPU
		{7256B5B2-346E-4E19-BB67-8CF23C1B7D0A}.Release|ARM.Build.0 = Release|Any CPU
		{7256B5B2-346E-4E19-BB67-8CF23C1B7D0A}.Release|ARM64.ActiveCfg = Release|Any CPU
		{7256B5B2-346E-4E19-BB67-8CF23C1B7D0A}.Release|ARM64.Build.0 = Release|Any CPU
		{7256B5B2-346E-4E19-BB67-8CF23C1B7D0A}.Release|x64.ActiveCfg = Release|Any CPU
		{7256B5B2-346E-4E19-BB67-8CF23C1B7D0A}.Release|x64.Build.0 = Release|Any CPU
		{7256B5B2-346E-4E19-BB67-8CF23C1B7D0A}.Release|x86.ActiveCfg = Release|Any CPU
		{7256B5B2-346E-4E19-BB67-8CF23C1B7D0A}.Release|x86.Build.0 = Release|Any CPU
		{8D2ED8EC-E310-4903-8E01-CAE9ABBCFF19}.Debug|Any CPU.ActiveCfg = Debug|Any CPU
		{8D2ED8EC-E310-4903-8E01-CAE9ABBCFF19}.Debug|Any CPU.Build.0 = Debug|Any CPU
		{8D2ED8EC-E310-4903-8E01-CAE9ABBCFF19}.Debug|ARM.ActiveCfg = Debug|Any CPU
		{8D2ED8EC-E310-4903-8E01-CAE9ABBCFF19}.Debug|ARM.Build.0 = Debug|Any CPU
		{8D2ED8EC-E310-4903-8E01-CAE9ABBCFF19}.Debug|ARM64.ActiveCfg = Debug|Any CPU
		{8D2ED8EC-E310-4903-8E01-CAE9ABBCFF19}.Debug|ARM64.Build.0 = Debug|Any CPU
		{8D2ED8EC-E310-4903-8E01-CAE9ABBCFF19}.Debug|x64.ActiveCfg = Debug|Any CPU
		{8D2ED8EC-E310-4903-8E01-CAE9ABBCFF19}.Debug|x64.Build.0 = Debug|Any CPU
		{8D2ED8EC-E310-4903-8E01-CAE9ABBCFF19}.Debug|x86.ActiveCfg = Debug|Any CPU
		{8D2ED8EC-E310-4903-8E01-CAE9ABBCFF19}.Debug|x86.Build.0 = Debug|Any CPU
		{8D2ED8EC-E310-4903-8E01-CAE9ABBCFF19}.Release|Any CPU.ActiveCfg = Release|Any CPU
		{8D2ED8EC-E310-4903-8E01-CAE9ABBCFF19}.Release|Any CPU.Build.0 = Release|Any CPU
		{8D2ED8EC-E310-4903-8E01-CAE9ABBCFF19}.Release|ARM.ActiveCfg = Release|Any CPU
		{8D2ED8EC-E310-4903-8E01-CAE9ABBCFF19}.Release|ARM.Build.0 = Release|Any CPU
		{8D2ED8EC-E310-4903-8E01-CAE9ABBCFF19}.Release|ARM64.ActiveCfg = Release|Any CPU
		{8D2ED8EC-E310-4903-8E01-CAE9ABBCFF19}.Release|ARM64.Build.0 = Release|Any CPU
		{8D2ED8EC-E310-4903-8E01-CAE9ABBCFF19}.Release|x64.ActiveCfg = Release|Any CPU
		{8D2ED8EC-E310-4903-8E01-CAE9ABBCFF19}.Release|x64.Build.0 = Release|Any CPU
		{8D2ED8EC-E310-4903-8E01-CAE9ABBCFF19}.Release|x86.ActiveCfg = Release|Any CPU
		{8D2ED8EC-E310-4903-8E01-CAE9ABBCFF19}.Release|x86.Build.0 = Release|Any CPU
		{FFD985AB-DD6E-4701-97B1-BE781B465E71}.Debug|Any CPU.ActiveCfg = Debug|Any CPU
		{FFD985AB-DD6E-4701-97B1-BE781B465E71}.Debug|Any CPU.Build.0 = Debug|Any CPU
		{FFD985AB-DD6E-4701-97B1-BE781B465E71}.Debug|ARM.ActiveCfg = Debug|Any CPU
		{FFD985AB-DD6E-4701-97B1-BE781B465E71}.Debug|ARM.Build.0 = Debug|Any CPU
		{FFD985AB-DD6E-4701-97B1-BE781B465E71}.Debug|ARM64.ActiveCfg = Debug|Any CPU
		{FFD985AB-DD6E-4701-97B1-BE781B465E71}.Debug|ARM64.Build.0 = Debug|Any CPU
		{FFD985AB-DD6E-4701-97B1-BE781B465E71}.Debug|x64.ActiveCfg = Debug|Any CPU
		{FFD985AB-DD6E-4701-97B1-BE781B465E71}.Debug|x64.Build.0 = Debug|Any CPU
		{FFD985AB-DD6E-4701-97B1-BE781B465E71}.Debug|x86.ActiveCfg = Debug|Any CPU
		{FFD985AB-DD6E-4701-97B1-BE781B465E71}.Debug|x86.Build.0 = Debug|Any CPU
		{FFD985AB-DD6E-4701-97B1-BE781B465E71}.Release|Any CPU.ActiveCfg = Release|Any CPU
		{FFD985AB-DD6E-4701-97B1-BE781B465E71}.Release|Any CPU.Build.0 = Release|Any CPU
		{FFD985AB-DD6E-4701-97B1-BE781B465E71}.Release|ARM.ActiveCfg = Release|Any CPU
		{FFD985AB-DD6E-4701-97B1-BE781B465E71}.Release|ARM.Build.0 = Release|Any CPU
		{FFD985AB-DD6E-4701-97B1-BE781B465E71}.Release|ARM64.ActiveCfg = Release|Any CPU
		{FFD985AB-DD6E-4701-97B1-BE781B465E71}.Release|ARM64.Build.0 = Release|Any CPU
		{FFD985AB-DD6E-4701-97B1-BE781B465E71}.Release|x64.ActiveCfg = Release|Any CPU
		{FFD985AB-DD6E-4701-97B1-BE781B465E71}.Release|x64.Build.0 = Release|Any CPU
		{FFD985AB-DD6E-4701-97B1-BE781B465E71}.Release|x86.ActiveCfg = Release|Any CPU
		{FFD985AB-DD6E-4701-97B1-BE781B465E71}.Release|x86.Build.0 = Release|Any CPU
		{4E7B228F-C6A5-4EA1-B139-705793B70DEE}.Debug|Any CPU.ActiveCfg = Debug|Any CPU
		{4E7B228F-C6A5-4EA1-B139-705793B70DEE}.Debug|Any CPU.Build.0 = Debug|Any CPU
		{4E7B228F-C6A5-4EA1-B139-705793B70DEE}.Debug|ARM.ActiveCfg = Debug|Any CPU
		{4E7B228F-C6A5-4EA1-B139-705793B70DEE}.Debug|ARM.Build.0 = Debug|Any CPU
		{4E7B228F-C6A5-4EA1-B139-705793B70DEE}.Debug|ARM64.ActiveCfg = Debug|Any CPU
		{4E7B228F-C6A5-4EA1-B139-705793B70DEE}.Debug|ARM64.Build.0 = Debug|Any CPU
		{4E7B228F-C6A5-4EA1-B139-705793B70DEE}.Debug|x64.ActiveCfg = Debug|Any CPU
		{4E7B228F-C6A5-4EA1-B139-705793B70DEE}.Debug|x64.Build.0 = Debug|Any CPU
		{4E7B228F-C6A5-4EA1-B139-705793B70DEE}.Debug|x86.ActiveCfg = Debug|Any CPU
		{4E7B228F-C6A5-4EA1-B139-705793B70DEE}.Debug|x86.Build.0 = Debug|Any CPU
		{4E7B228F-C6A5-4EA1-B139-705793B70DEE}.Release|Any CPU.ActiveCfg = Release|Any CPU
		{4E7B228F-C6A5-4EA1-B139-705793B70DEE}.Release|Any CPU.Build.0 = Release|Any CPU
		{4E7B228F-C6A5-4EA1-B139-705793B70DEE}.Release|ARM.ActiveCfg = Release|Any CPU
		{4E7B228F-C6A5-4EA1-B139-705793B70DEE}.Release|ARM.Build.0 = Release|Any CPU
		{4E7B228F-C6A5-4EA1-B139-705793B70DEE}.Release|ARM64.ActiveCfg = Release|Any CPU
		{4E7B228F-C6A5-4EA1-B139-705793B70DEE}.Release|ARM64.Build.0 = Release|Any CPU
		{4E7B228F-C6A5-4EA1-B139-705793B70DEE}.Release|x64.ActiveCfg = Release|Any CPU
		{4E7B228F-C6A5-4EA1-B139-705793B70DEE}.Release|x64.Build.0 = Release|Any CPU
		{4E7B228F-C6A5-4EA1-B139-705793B70DEE}.Release|x86.ActiveCfg = Release|Any CPU
		{4E7B228F-C6A5-4EA1-B139-705793B70DEE}.Release|x86.Build.0 = Release|Any CPU
	EndGlobalSection
	GlobalSection(SolutionProperties) = preSolution
		HideSolutionNode = FALSE
	EndGlobalSection
	GlobalSection(ExtensibilityGlobals) = postSolution
		SolutionGuid = {A032C7E1-8C31-4674-9A33-21C81CDCFDF2}
	EndGlobalSection
EndGlobal
